{
  "requires": true,
  "lockfileVersion": 1,
  "dependencies": {
    "@shopify/theme-product": {
      "version": "2.0.5",
      "resolved": "https://registry.npmjs.org/@shopify/theme-product/-/theme-product-2.0.5.tgz",
      "integrity": "sha512-H9F54HEGmtgofqIShke7QqWdaSfbPTPWVnTaJfw68zNWwt1W78cmFU8soz6Ngfu+8rn2FrK9VMm/aBYqSm1XFw=="
    },
    "@shopify/theme-product-form": {
      "version": "2.0.5",
      "resolved": "https://registry.npmjs.org/@shopify/theme-product-form/-/theme-product-form-2.0.5.tgz",
      "integrity": "sha512-NULuwjnL0vksk7obeU0bT1xN5m1W0Of3mRe9FmuSTfgraFlO3yEMNH1IYD7HnnmpFnwr34yjmLPIbOWmzvOrsg=="
    }
  }
}
